
Microsoft Visual Studio Solution File, Format Version 12.00
# Visual Studio 15
Project("{FAE04EC0-301F-11D3-BF4B-00C04F79EFBC}") = "UnityEngine.UI", "UnityEngine.UI.csproj", "{1A46BE87-602A-4475-4F4E-07FA7B3563BF}"
EndProject
Project("{FAE04EC0-301F-11D3-BF4B-00C04F79EFBC}") = "UnityEngine.TestRunner", "UnityEngine.TestRunner.csproj", "{8DA085A2-473E-1DBD-D839-4A693555A13A}"
EndProject
Project("{FAE04EC0-301F-11D3-BF4B-00C04F79EFBC}") = "Unity.Timeline", "Unity.Timeline.csproj", "{C3481231-00A1-BA70-8914-DC572C3059AC}"
EndProject
Project("{FAE04EC0-301F-11D3-BF4B-00C04F79EFBC}") = "Unity.TextMeshPro", "Unity.TextMeshPro.csproj", "{3474C3E9-5BF7-7CC9-C003-C2E8E9B95A1C}"
EndProject
Project("{FAE04EC0-301F-11D3-BF4B-00C04F79EFBC}") = "Assembly-CSharp-firstpass", "Assembly-CSharp-firstpass.csproj", "{30B50F3C-A557-CC71-92D2-13826431A744}"
EndProject
Project("{FAE04EC0-301F-11D3-BF4B-00C04F79EFBC}") = "Assembly-CSharp", "Assembly-CSharp.csproj", "{7EF40E11-DDF6-0995-961C-A91D3852B760}"
EndProject
Project("{FAE04EC0-301F-11D3-BF4B-00C04F79EFBC}") = "UnityEditor.TestRunner", "UnityEditor.TestRunner.csproj", "{C13AFEA2-9852-81F6-496D-3986EE2AB6B0}"
EndProject
Project("{FAE04EC0-301F-11D3-BF4B-00C04F79EFBC}") = "Unity.PlasticSCM.Editor", "Unity.PlasticSCM.Editor.csproj", "{97AE198C-C3C8-17DD-5E04-229879FC8D93}"
EndProject
Project("{FAE04EC0-301F-11D3-BF4B-00C04F79EFBC}") = "UnityEditor.UI", "UnityEditor.UI.csproj", "{6EE19F58-01E5-8344-0DA1-D82C4CB476E5}"
EndProject
Project("{FAE04EC0-301F-11D3-BF4B-00C04F79EFBC}") = "Unity.Services.Core.Editor", "Unity.Services.Core.Editor.csproj", "{DA76CB27-F53F-CC52-562C-67214695E654}"
EndProject
Project("{FAE04EC0-301F-11D3-BF4B-00C04F79EFBC}") = "Unity.Timeline.Editor", "Unity.Timeline.Editor.csproj", "{B7B3348B-F1DE-2FC5-85E5-7864532E2164}"
EndProject
Project("{FAE04EC0-301F-11D3-BF4B-00C04F79EFBC}") = "Unity.VisualStudio.Editor", "Unity.VisualStudio.Editor.csproj", "{61ACFB88-65B6-DAA7-112A-E52A78B540D4}"
EndProject
Project("{FAE04EC0-301F-11D3-BF4B-00C04F79EFBC}") = "Unity.TextMeshPro.Editor", "Unity.TextMeshPro.Editor.csproj", "{2012DA1E-C8EB-3598-FD40-64222DBB0216}"
EndProject
Project("{FAE04EC0-301F-11D3-BF4B-00C04F79EFBC}") = "Unity.CollabProxy.Editor", "Unity.CollabProxy.Editor.csproj", "{E497781D-B101-2381-8870-0B4385D1E526}"
EndProject
Project("{FAE04EC0-301F-11D3-BF4B-00C04F79EFBC}") = "Unity.Rider.Editor", "Unity.Rider.Editor.csproj", "{E15DED91-F498-007D-54D7-C346C9F619CE}"
EndProject
Project("{FAE04EC0-301F-11D3-BF4B-00C04F79EFBC}") = "Unity.VSCode.Editor", "Unity.VSCode.Editor.csproj", "{A4A8FF20-B08D-F550-A0E3-435BABF96BA5}"
EndProject
Project("{FAE04EC0-301F-11D3-BF4B-00C04F79EFBC}") = "Assembly-CSharp-Editor-firstpass", "Assembly-CSharp-Editor-firstpass.csproj", "{F863306A-6DBD-1C98-E05C-679126483DF7}"
EndProject
Project("{FAE04EC0-301F-11D3-BF4B-00C04F79EFBC}") = "UnityEngine.UI", "UnityEngine.UI.Player.csproj", "{34E5F6DC-6383-262F-6E59-E50B13A76815}"
EndProject
Project("{FAE04EC0-301F-11D3-BF4B-00C04F79EFBC}") = "UnityEngine.TestRunner", "UnityEngine.TestRunner.Player.csproj", "{F283B470-57A1-D5E0-4247-A6D8E80D0375}"
EndProject
Project("{FAE04EC0-301F-11D3-BF4B-00C04F79EFBC}") = "Unity.Timeline", "Unity.Timeline.Player.csproj", "{424AEF38-9477-1756-C2C0-8CE90B89CBF0}"
EndProject
Project("{FAE04EC0-301F-11D3-BF4B-00C04F79EFBC}") = "Unity.TextMeshPro", "Unity.TextMeshPro.Player.csproj", "{DE83EBED-03F7-4E28-EF10-E4CBB6EFA183}"
EndProject
Project("{FAE04EC0-301F-11D3-BF4B-00C04F79EFBC}") = "Assembly-CSharp-firstpass", "Assembly-CSharp-firstpass.Player.csproj", "{9B3D24DA-1101-C384-D0FF-923F849333C3}"
EndProject
Project("{FAE04EC0-301F-11D3-BF4B-00C04F79EFBC}") = "Assembly-CSharp", "Assembly-CSharp.Player.csproj", "{CA64867C-C884-5387-3439-02A2D7F71DCE}"
EndProject
Global
	GlobalSection(SolutionConfigurationPlatforms) = preSolution
		Debug|Any CPU = Debug|Any CPU
		Release|Any CPU = Release|Any CPU
	EndGlobalSection
	GlobalSection(ProjectConfigurationPlatforms) = postSolution
		{1A46BE87-602A-4475-4F4E-07FA7B3563BF}.Debug|Any CPU.ActiveCfg = Debug|Any CPU
		{1A46BE87-602A-4475-4F4E-07FA7B3563BF}.Debug|Any CPU.Build.0 = Debug|Any CPU
		{1A46BE87-602A-4475-4F4E-07FA7B3563BF}.Release|Any CPU.ActiveCfg = Release|Any CPU
		{1A46BE87-602A-4475-4F4E-07FA7B3563BF}.Release|Any CPU.Build.0 = Release|Any CPU
		{8DA085A2-473E-1DBD-D839-4A693555A13A}.Debug|Any CPU.ActiveCfg = Debug|Any CPU
		{8DA085A2-473E-1DBD-D839-4A693555A13A}.Debug|Any CPU.Build.0 = Debug|Any CPU
		{8DA085A2-473E-1DBD-D839-4A693555A13A}.Release|Any CPU.ActiveCfg = Release|Any CPU
		{8DA085A2-473E-1DBD-D839-4A693555A13A}.Release|Any CPU.Build.0 = Release|Any CPU
		{C3481231-00A1-BA70-8914-DC572C3059AC}.Debug|Any CPU.ActiveCfg = Debug|Any CPU
		{C3481231-00A1-BA70-8914-DC572C3059AC}.Debug|Any CPU.Build.0 = Debug|Any CPU
		{C3481231-00A1-BA70-8914-DC572C3059AC}.Release|Any CPU.ActiveCfg = Release|Any CPU
		{C3481231-00A1-BA70-8914-DC572C3059AC}.Release|Any CPU.Build.0 = Release|Any CPU
		{3474C3E9-5BF7-7CC9-C003-C2E8E9B95A1C}.Debug|Any CPU.ActiveCfg = Debug|Any CPU
		{3474C3E9-5BF7-7CC9-C003-C2E8E9B95A1C}.Debug|Any CPU.Build.0 = Debug|Any CPU
		{3474C3E9-5BF7-7CC9-C003-C2E8E9B95A1C}.Release|Any CPU.ActiveCfg = Release|Any CPU
		{3474C3E9-5BF7-7CC9-C003-C2E8E9B95A1C}.Release|Any CPU.Build.0 = Release|Any CPU
		{30B50F3C-A557-CC71-92D2-13826431A744}.Debug|Any CPU.ActiveCfg = Debug|Any CPU
		{30B50F3C-A557-CC71-92D2-13826431A744}.Debug|Any CPU.Build.0 = Debug|Any CPU
		{30B50F3C-A557-CC71-92D2-13826431A744}.Release|Any CPU.ActiveCfg = Release|Any CPU
		{30B50F3C-A557-CC71-92D2-13826431A744}.Release|Any CPU.Build.0 = Release|Any CPU
		{7EF40E11-DDF6-0995-961C-A91D3852B760}.Debug|Any CPU.ActiveCfg = Debug|Any CPU
		{7EF40E11-DDF6-0995-961C-A91D3852B760}.Debug|Any CPU.Build.0 = Debug|Any CPU
		{7EF40E11-DDF6-0995-961C-A91D3852B760}.Release|Any CPU.ActiveCfg = Release|Any CPU
		{7EF40E11-DDF6-0995-961C-A91D3852B760}.Release|Any CPU.Build.0 = Release|Any CPU
		{C13AFEA2-9852-81F6-496D-3986EE2AB6B0}.Debug|Any CPU.ActiveCfg = Debug|Any CPU
		{C13AFEA2-9852-81F6-496D-3986EE2AB6B0}.Debug|Any CPU.Build.0 = Debug|Any CPU
		{C13AFEA2-9852-81F6-496D-3986EE2AB6B0}.Release|Any CPU.ActiveCfg = Release|Any CPU
		{C13AFEA2-9852-81F6-496D-3986EE2AB6B0}.Release|Any CPU.Build.0 = Release|Any CPU
		{97AE198C-C3C8-17DD-5E04-229879FC8D93}.Debug|Any CPU.ActiveCfg = Debug|Any CPU
		{97AE198C-C3C8-17DD-5E04-229879FC8D93}.Debug|Any CPU.Build.0 = Debug|Any CPU
		{97AE198C-C3C8-17DD-5E04-229879FC8D93}.Release|Any CPU.ActiveCfg = Release|Any CPU
		{97AE198C-C3C8-17DD-5E04-229879FC8D93}.Release|Any CPU.Build.0 = Release|Any CPU
		{6EE19F58-01E5-8344-0DA1-D82C4CB476E5}.Debug|Any CPU.ActiveCfg = Debug|Any CPU
		{6EE19F58-01E5-8344-0DA1-D82C4CB476E5}.Debug|Any CPU.Build.0 = Debug|Any CPU
		{6EE19F58-01E5-8344-0DA1-D82C4CB476E5}.Release|Any CPU.ActiveCfg = Release|Any CPU
		{6EE19F58-01E5-8344-0DA1-D82C4CB476E5}.Release|Any CPU.Build.0 = Release|Any CPU
		{DA76CB27-F53F-CC52-562C-67214695E654}.Debug|Any CPU.ActiveCfg = Debug|Any CPU
		{DA76CB27-F53F-CC52-562C-67214695E654}.Debug|Any CPU.Build.0 = Debug|Any CPU
		{DA76CB27-F53F-CC52-562C-67214695E654}.Release|Any CPU.ActiveCfg = Release|Any CPU
		{DA76CB27-F53F-CC52-562C-67214695E654}.Release|Any CPU.Build.0 = Release|Any CPU
		{B7B3348B-F1DE-2FC5-85E5-7864532E2164}.Debug|Any CPU.ActiveCfg = Debug|Any CPU
		{B7B3348B-F1DE-2FC5-85E5-7864532E2164}.Debug|Any CPU.Build.0 = Debug|Any CPU
		{B7B3348B-F1DE-2FC5-85E5-7864532E2164}.Release|Any CPU.ActiveCfg = Release|Any CPU
		{B7B3348B-F1DE-2FC5-85E5-7864532E2164}.Release|Any CPU.Build.0 = Release|Any CPU
		{61ACFB88-65B6-DAA7-112A-E52A78B540D4}.Debug|Any CPU.ActiveCfg = Debug|Any CPU
		{61ACFB88-65B6-DAA7-112A-E52A78B540D4}.Debug|Any CPU.Build.0 = Debug|Any CPU
		{61ACFB88-65B6-DAA7-112A-E52A78B540D4}.Release|Any CPU.ActiveCfg = Release|Any CPU
		{61ACFB88-65B6-DAA7-112A-E52A78B540D4}.Release|Any CPU.Build.0 = Release|Any CPU
		{2012DA1E-C8EB-3598-FD40-64222DBB0216}.Debug|Any CPU.ActiveCfg = Debug|Any CPU
		{2012DA1E-C8EB-3598-FD40-64222DBB0216}.Debug|Any CPU.Build.0 = Debug|Any CPU
		{2012DA1E-C8EB-3598-FD40-64222DBB0216}.Release|Any CPU.ActiveCfg = Release|Any CPU
		{2012DA1E-C8EB-3598-FD40-64222DBB0216}.Release|Any CPU.Build.0 = Release|Any CPU
		{E497781D-B101-2381-8870-0B4385D1E526}.Debug|Any CPU.ActiveCfg = Debug|Any CPU
		{E497781D-B101-2381-8870-0B4385D1E526}.Debug|Any CPU.Build.0 = Debug|Any CPU
		{E497781D-B101-2381-8870-0B4385D1E526}.Release|Any CPU.ActiveCfg = Release|Any CPU
		{E497781D-B101-2381-8870-0B4385D1E526}.Release|Any CPU.Build.0 = Release|Any CPU
		{E15DED91-F498-007D-54D7-C346C9F619CE}.Debug|Any CPU.ActiveCfg = Debug|Any CPU
		{E15DED91-F498-007D-54D7-C346C9F619CE}.Debug|Any CPU.Build.0 = Debug|Any CPU
		{E15DED91-F498-007D-54D7-C346C9F619CE}.Release|Any CPU.ActiveCfg = Release|Any CPU
		{E15DED91-F498-007D-54D7-C346C9F619CE}.Release|Any CPU.Build.0 = Release|Any CPU
		{A4A8FF20-B08D-F550-A0E3-435BABF96BA5}.Debug|Any CPU.ActiveCfg = Debug|Any CPU
		{A4A8FF20-B08D-F550-A0E3-435BABF96BA5}.Debug|Any CPU.Build.0 = Debug|Any CPU
		{A4A8FF20-B08D-F550-A0E3-435BABF96BA5}.Release|Any CPU.ActiveCfg = Release|Any CPU
		{A4A8FF20-B08D-F550-A0E3-435BABF96BA5}.Release|Any CPU.Build.0 = Release|Any CPU
		{F863306A-6DBD-1C98-E05C-679126483DF7}.Debug|Any CPU.ActiveCfg = Debug|Any CPU
		{F863306A-6DBD-1C98-E05C-679126483DF7}.Debug|Any CPU.Build.0 = Debug|Any CPU
		{F863306A-6DBD-1C98-E05C-679126483DF7}.Release|Any CPU.ActiveCfg = Release|Any CPU
		{F863306A-6DBD-1C98-E05C-679126483DF7}.Release|Any CPU.Build.0 = Release|Any CPU
		{34E5F6DC-6383-262F-6E59-E50B13A76815}.Debug|Any CPU.ActiveCfg = Debug|Any CPU
		{34E5F6DC-6383-262F-6E59-E50B13A76815}.Debug|Any CPU.Build.0 = Debug|Any CPU
		{34E5F6DC-6383-262F-6E59-E50B13A76815}.Release|Any CPU.ActiveCfg = Release|Any CPU
		{34E5F6DC-6383-262F-6E59-E50B13A76815}.Release|Any CPU.Build.0 = Release|Any CPU
		{F283B470-57A1-D5E0-4247-A6D8E80D0375}.Debug|Any CPU.ActiveCfg = Debug|Any CPU
		{F283B470-57A1-D5E0-4247-A6D8E80D0375}.Debug|Any CPU.Build.0 = Debug|Any CPU
		{F283B470-57A1-D5E0-4247-A6D8E80D0375}.Release|Any CPU.ActiveCfg = Release|Any CPU
		{F283B470-57A1-D5E0-4247-A6D8E80D0375}.Release|Any CPU.Build.0 = Release|Any CPU
		{424AEF38-9477-1756-C2C0-8CE90B89CBF0}.Debug|Any CPU.ActiveCfg = Debug|Any CPU
		{424AEF38-9477-1756-C2C0-8CE90B89CBF0}.Debug|Any CPU.Build.0 = Debug|Any CPU
		{424AEF38-9477-1756-C2C0-8CE90B89CBF0}.Release|Any CPU.ActiveCfg = Release|Any CPU
		{424AEF38-9477-1756-C2C0-8CE90B89CBF0}.Release|Any CPU.Build.0 = Release|Any CPU
		{DE83EBED-03F7-4E28-EF10-E4CBB6EFA183}.Debug|Any CPU.ActiveCfg = Debug|Any CPU
		{DE83EBED-03F7-4E28-EF10-E4CBB6EFA183}.Debug|Any CPU.Build.0 = Debug|Any CPU
		{DE83EBED-03F7-4E28-EF10-E4CBB6EFA183}.Release|Any CPU.ActiveCfg = Release|Any CPU
		{DE83EBED-03F7-4E28-EF10-E4CBB6EFA183}.Release|Any CPU.Build.0 = Release|Any CPU
		{9B3D24DA-1101-C384-D0FF-923F849333C3}.Debug|Any CPU.ActiveCfg = Debug|Any CPU
		{9B3D24DA-1101-C384-D0FF-923F849333C3}.Debug|Any CPU.Build.0 = Debug|Any CPU
		{9B3D24DA-1101-C384-D0FF-923F849333C3}.Release|Any CPU.ActiveCfg = Release|Any CPU
		{9B3D24DA-1101-C384-D0FF-923F849333C3}.Release|Any CPU.Build.0 = Release|Any CPU
		{CA64867C-C884-5387-3439-02A2D7F71DCE}.Debug|Any CPU.ActiveCfg = Debug|Any CPU
		{CA64867C-C884-5387-3439-02A2D7F71DCE}.Debug|Any CPU.Build.0 = Debug|Any CPU
		{CA64867C-C884-5387-3439-02A2D7F71DCE}.Release|Any CPU.ActiveCfg = Release|Any CPU
		{CA64867C-C884-5387-3439-02A2D7F71DCE}.Release|Any CPU.Build.0 = Release|Any CPU
	EndGlobalSection
	GlobalSection(SolutionProperties) = preSolution
		HideSolutionNode = FALSE
	EndGlobalSection
EndGlobal
